
Microsoft Visual Studio Solution File, Format Version 12.00
# Visual Studio Version 17
VisualStudioVersion = 17.4.33213.308
MinimumVisualStudioVersion = 10.0.40219.1
Project("{FAE04EC0-301F-11D3-BF4B-00C04F79EFBC}") = "DE3", "DE3\DE3.csproj", "{A7953F55-6588-4EE4-86C2-B17609565BB1}"
EndProject
Project("{FAE04EC0-301F-11D3-BF4B-00C04F79EFBC}") = "DE3_Tests", "DE3_Tests\DE3_Tests.csproj", "{B62AD8B1-1FDF-4EBC-B887-91E86583163C}"
EndProject
Global
	GlobalSection(SolutionConfigurationPlatforms) = preSolution
		Debug|Any CPU = Debug|Any CPU
		Release|Any CPU = Release|Any CPU
	EndGlobalSection
	GlobalSection(ProjectConfigurationPlatforms) = postSolution
		{A7953F55-6588-4EE4-86C2-B17609565BB1}.Debug|Any CPU.ActiveCfg = Debug|Any CPU
		{A7953F55-6588-4EE4-86C2-B17609565BB1}.Debug|Any CPU.Build.0 = Debug|Any CPU
		{A7953F55-6588-4EE4-86C2-B17609565BB1}.Release|Any CPU.ActiveCfg = Release|Any CPU
		{A7953F55-6588-4EE4-86C2-B17609565BB1}.Release|Any CPU.Build.0 = Release|Any CPU
		{B62AD8B1-1FDF-4EBC-B887-91E86583163C}.Debug|Any CPU.ActiveCfg = Debug|Any CPU
		{B62AD8B1-1FDF-4EBC-B887-91E86583163C}.Debug|Any CPU.Build.0 = Debug|Any CPU
		{B62AD8B1-1FDF-4EBC-B887-91E86583163C}.Release|Any CPU.ActiveCfg = Release|Any CPU
		{B62AD8B1-1FDF-4EBC-B887-91E86583163C}.Release|Any CPU.Build.0 = Release|Any CPU
	EndGlobalSection
	GlobalSection(SolutionProperties) = preSolution
		HideSolutionNode = FALSE
	EndGlobalSection
	GlobalSection(ExtensibilityGlobals) = postSolution
		SolutionGuid = {66D27738-9033-403C-98C4-6792658C6FD7}
	EndGlobalSection
EndGlobal
